
Microsoft Visual Studio Solution File, Format Version 12.00
# Visual Studio Version 16
VisualStudioVersion = 16.0.31515.178
MinimumVisualStudioVersion = 10.0.40219.1
Project("{FAE04EC0-301F-11D3-BF4B-00C04F79EFBC}") = "AcademyIWeek1.Pizz.ConsoleApp", "AcademyIWeek1.Pizz.ConsoleApp\AcademyIWeek1.Pizz.ConsoleApp.csproj", "{7E82712E-8291-4818-B2EB-16E15D603BA8}"
EndProject
Project("{FAE04EC0-301F-11D3-BF4B-00C04F79EFBC}") = "AcademyIWeek1.Pizz.CORE", "AcademyIWeek1.Pizz.CORE\AcademyIWeek1.Pizz.CORE.csproj", "{17C65379-7851-49EC-87FE-11169C130665}"
EndProject
Project("{FAE04EC0-301F-11D3-BF4B-00C04F79EFBC}") = "AcademyIWeek1.Pizz.RepositoryMock", "AcademyIWeek1.Pizz.RepositoryMock\AcademyIWeek1.Pizz.RepositoryMock.csproj", "{AC1490C5-6EDC-4839-B15D-CD4F44A42348}"
EndProject
Project("{FAE04EC0-301F-11D3-BF4B-00C04F79EFBC}") = "AcademyIWeek1.Pizz.RepositoryADO", "AcademyIWeek1.Pizz.RepositoryADO\AcademyIWeek1.Pizz.RepositoryADO.csproj", "{6491D2B4-90DA-4B4C-B046-DD48ECA1E4A6}"
EndProject
Global
	GlobalSection(SolutionConfigurationPlatforms) = preSolution
		Debug|Any CPU = Debug|Any CPU
		Release|Any CPU = Release|Any CPU
	EndGlobalSection
	GlobalSection(ProjectConfigurationPlatforms) = postSolution
		{7E82712E-8291-4818-B2EB-16E15D603BA8}.Debug|Any CPU.ActiveCfg = Debug|Any CPU
		{7E82712E-8291-4818-B2EB-16E15D603BA8}.Debug|Any CPU.Build.0 = Debug|Any CPU
		{7E82712E-8291-4818-B2EB-16E15D603BA8}.Release|Any CPU.ActiveCfg = Release|Any CPU
		{7E82712E-8291-4818-B2EB-16E15D603BA8}.Release|Any CPU.Build.0 = Release|Any CPU
		{17C65379-7851-49EC-87FE-11169C130665}.Debug|Any CPU.ActiveCfg = Debug|Any CPU
		{17C65379-7851-49EC-87FE-11169C130665}.Debug|Any CPU.Build.0 = Debug|Any CPU
		{17C65379-7851-49EC-87FE-11169C130665}.Release|Any CPU.ActiveCfg = Release|Any CPU
		{17C65379-7851-49EC-87FE-11169C130665}.Release|Any CPU.Build.0 = Release|Any CPU
		{AC1490C5-6EDC-4839-B15D-CD4F44A42348}.Debug|Any CPU.ActiveCfg = Debug|Any CPU
		{AC1490C5-6EDC-4839-B15D-CD4F44A42348}.Debug|Any CPU.Build.0 = Debug|Any CPU
		{AC1490C5-6EDC-4839-B15D-CD4F44A42348}.Release|Any CPU.ActiveCfg = Release|Any CPU
		{AC1490C5-6EDC-4839-B15D-CD4F44A42348}.Release|Any CPU.Build.0 = Release|Any CPU
		{6491D2B4-90DA-4B4C-B046-DD48ECA1E4A6}.Debug|Any CPU.ActiveCfg = Debug|Any CPU
		{6491D2B4-90DA-4B4C-B046-DD48ECA1E4A6}.Debug|Any CPU.Build.0 = Debug|Any CPU
		{6491D2B4-90DA-4B4C-B046-DD48ECA1E4A6}.Release|Any CPU.ActiveCfg = Release|Any CPU
		{6491D2B4-90DA-4B4C-B046-DD48ECA1E4A6}.Release|Any CPU.Build.0 = Release|Any CPU
	EndGlobalSection
	GlobalSection(SolutionProperties) = preSolution
		HideSolutionNode = FALSE
	EndGlobalSection
	GlobalSection(ExtensibilityGlobals) = postSolution
		SolutionGuid = {3F38DA32-2795-499C-BF65-B252DDEBA8AD}
	EndGlobalSection
EndGlobal
